
Microsoft Visual Studio Solution File, Format Version 12.00
# Visual Studio Version 17
VisualStudioVersion = 17.8.34316.72
MinimumVisualStudioVersion = 10.0.40219.1
Project("{9A19103F-16F7-4668-BE54-9A1E7A4F7556}") = "ImageSlicer", "ImageSlicer.csproj", "{58DF12A7-F88C-4F76-8838-995CC1FF77CB}"
EndProject
Project("{2150E333-8FDC-42A3-9474-1A3956D46DE8}") = "Solution Items", "Solution Items", "{368B4879-AEC8-41E5-98A7-B33C03C4A9D2}"
	ProjectSection(SolutionItems) = preProject
		.editorconfig = .editorconfig
	EndProjectSection
EndProject
Global
	GlobalSection(SolutionConfigurationPlatforms) = preSolution
		Debug|Any CPU = Debug|Any CPU
		Release|Any CPU = Release|Any CPU
	EndGlobalSection
	GlobalSection(ProjectConfigurationPlatforms) = postSolution
		{58DF12A7-F88C-4F76-8838-995CC1FF77CB}.Debug|Any CPU.ActiveCfg = Debug|Any CPU
		{58DF12A7-F88C-4F76-8838-995CC1FF77CB}.Debug|Any CPU.Build.0 = Debug|Any CPU
		{58DF12A7-F88C-4F76-8838-995CC1FF77CB}.Release|Any CPU.ActiveCfg = Release|Any CPU
		{58DF12A7-F88C-4F76-8838-995CC1FF77CB}.Release|Any CPU.Build.0 = Release|Any CPU
	EndGlobalSection
	GlobalSection(SolutionProperties) = preSolution
		HideSolutionNode = FALSE
	EndGlobalSection
	GlobalSection(ExtensibilityGlobals) = postSolution
		SolutionGuid = {6E4CDB51-EE76-44E7-896E-81E33737DC0E}
	EndGlobalSection
EndGlobal
